
Microsoft Visual Studio Solution File, Format Version 12.00
# Visual Studio Version 16
VisualStudioVersion = 25.0.1700.0
MinimumVisualStudioVersion = 10.0.40219.1
Project("{FAE04EC0-301F-11D3-BF4B-00C04F79EFBC}") = "MyLifeSpot", "MyLifeSpot.csproj", "{B95C2A33-E53E-4D39-A340-79BF4EEAE345}"
EndProject
Global
	GlobalSection(SolutionConfigurationPlatforms) = preSolution
		Debug|Any CPU = Debug|Any CPU
		Release|Any CPU = Release|Any CPU
	EndGlobalSection
	GlobalSection(ProjectConfigurationPlatforms) = postSolution
		{B95C2A33-E53E-4D39-A340-79BF4EEAE345}.Debug|Any CPU.ActiveCfg = Debug|Any CPU
		{B95C2A33-E53E-4D39-A340-79BF4EEAE345}.Debug|Any CPU.Build.0 = Debug|Any CPU
		{B95C2A33-E53E-4D39-A340-79BF4EEAE345}.Release|Any CPU.ActiveCfg = Release|Any CPU
		{B95C2A33-E53E-4D39-A340-79BF4EEAE345}.Release|Any CPU.Build.0 = Release|Any CPU
	EndGlobalSection
	GlobalSection(SolutionProperties) = preSolution
		HideSolutionNode = FALSE
	EndGlobalSection
	GlobalSection(ExtensibilityGlobals) = postSolution
		SolutionGuid = {93CE1690-EC8D-4506-A984-C7DCDAEAB19D}
	EndGlobalSection
EndGlobal
